
Microsoft Visual Studio Solution File, Format Version 12.00
# Visual Studio Version 16
VisualStudioVersion = 16.0.31624.102
MinimumVisualStudioVersion = 10.0.40219.1
Project("{FAE04EC0-301F-11D3-BF4B-00C04F79EFBC}") = "SomeLibrary", "SomeLibrary\SomeLibrary.csproj", "{E2F567F1-4547-4869-AEB0-DD52B86CE8F1}"
EndProject
Global
	GlobalSection(SolutionConfigurationPlatforms) = preSolution
		Debug|Any CPU = Debug|Any CPU
		Release|Any CPU = Release|Any CPU
	EndGlobalSection
	GlobalSection(ProjectConfigurationPlatforms) = postSolution
		{E2F567F1-4547-4869-AEB0-DD52B86CE8F1}.Debug|Any CPU.ActiveCfg = Debug|Any CPU
		{E2F567F1-4547-4869-AEB0-DD52B86CE8F1}.Debug|Any CPU.Build.0 = Debug|Any CPU
		{E2F567F1-4547-4869-AEB0-DD52B86CE8F1}.Release|Any CPU.ActiveCfg = Release|Any CPU
		{E2F567F1-4547-4869-AEB0-DD52B86CE8F1}.Release|Any CPU.Build.0 = Release|Any CPU
	EndGlobalSection
	GlobalSection(SolutionProperties) = preSolution
		HideSolutionNode = FALSE
	EndGlobalSection
	GlobalSection(ExtensibilityGlobals) = postSolution
		SolutionGuid = {39BADDBB-C1A7-4A8F-A24D-A5F7BE89E89B}
	EndGlobalSection
EndGlobal
